// !$*UTF8*$!
{
	archiveVersion = 1;
	classes = {
	};
	objectVersion = 50;
	objects = {

/* Begin PBXBuildFile section */
		9DB8B9F720B9A62D00E954E3 /* AppDelegate.swift in Sources */ = {isa = PBXBuildFile; fileRef = 9DB8B9F620B9A62D00E954E3 /* AppDelegate.swift */; };
		9DB8B9F920B9A62D00E954E3 /* ViewController.swift in Sources */ = {isa = PBXBuildFile; fileRef = 9DB8B9F820B9A62D00E954E3 /* ViewController.swift */; };
		9DB8B9FC20B9A62D00E954E3 /* Main.storyboard in Resources */ = {isa = PBXBuildFile; fileRef = 9DB8B9FA20B9A62D00E954E3 /* Main.storyboard */; };
		9DB8B9FE20B9A62F00E954E3 /* Assets.xcassets in Resources */ = {isa = PBXBuildFile; fileRef = 9DB8B9FD20B9A62F00E954E3 /* Assets.xcassets */; };
		9DB8BA0120B9A62F00E954E3 /* LaunchScreen.storyboard in Resources */ = {isa = PBXBuildFile; fileRef = 9DB8B9FF20B9A62F00E954E3 /* LaunchScreen.storyboard */; };
		9DB8BA0C20B9A63000E954E3 /* _00PxDemoTests.swift in Sources */ = {isa = PBXBuildFile; fileRef = 9DB8BA0B20B9A63000E954E3 /* _00PxDemoTests.swift */; };
		9DB8BA1720B9A63000E954E3 /* _00PxDemoUITests.swift in Sources */ = {isa = PBXBuildFile; fileRef = 9DB8BA1620B9A63000E954E3 /* _00PxDemoUITests.swift */; };
/* End PBXBuildFile section */

/* Begin PBXContainerItemProxy section */
		9DB8BA0820B9A63000E954E3 /* PBXContainerItemProxy */ = {
			isa = PBXContainerItemProxy;
			containerPortal = 9DB8B9EB20B9A62D00E954E3 /* Project object */;
			proxyType = 1;
			remoteGlobalIDString = 9DB8B9F220B9A62D00E954E3;
			remoteInfo = 500PxDemo;
		};
		9DB8BA1320B9A63000E954E3 /* PBXContainerItemProxy */ = {
			isa = PBXContainerItemProxy;
			containerPortal = 9DB8B9EB20B9A62D00E954E3 /* Project object */;
			proxyType = 1;
			remoteGlobalIDString = 9DB8B9F220B9A62D00E954E3;
			remoteInfo = 500PxDemo;
		};
/* End PBXContainerItemProxy section */

/* Begin PBXFileReference section */
		9DB8B9F320B9A62D00E954E3 /* 500PxDemo.app */ = {isa = PBXFileReference; explicitFileType = wrapper.application; includeInIndex = 0; path = 500PxDemo.app; sourceTree = BUILT_PRODUCTS_DIR; };
		9DB8B9F620B9A62D00E954E3 /* AppDelegate.swift */ = {isa = PBXFileReference; lastKnownFileType = sourcecode.swift; path = AppDelegate.swift; sourceTree = "<group>"; };
		9DB8B9F820B9A62D00E954E3 /* ViewController.swift */ = {isa = PBXFileReference; lastKnownFileType = sourcecode.swift; path = ViewController.swift; sourceTree = "<group>"; };
		9DB8B9FB20B9A62D00E954E3 /* Base */ = {isa = PBXFileReference; lastKnownFileType = file.storyboard; name = Base; path = Base.lproj/Main.storyboard; sourceTree = "<group>"; };
		9DB8B9FD20B9A62F00E954E3 /* Assets.xcassets */ = {isa = PBXFileReference; lastKnownFileType = folder.assetcatalog; path = Assets.xcassets; sourceTree = "<group>"; };
		9DB8BA0020B9A62F00E954E3 /* Base */ = {isa = PBXFileReference; lastKnownFileType = file.storyboard; name = Base; path = Base.lproj/LaunchScreen.storyboard; sourceTree = "<group>"; };
		9DB8BA0220B9A62F00E954E3 /* Info.plist */ = {isa = PBXFileReference; lastKnownFileType = text.plist.xml; path = Info.plist; sourceTree = "<group>"; };
		9DB8BA0720B9A63000E954E3 /* 500PxDemoTests.xctest */ = {isa = PBXFileReference; explicitFileType = wrapper.cfbundle; includeInIndex = 0; path = 500PxDemoTests.xctest; sourceTree = BUILT_PRODUCTS_DIR; };
		9DB8BA0B20B9A63000E954E3 /* _00PxDemoTests.swift */ = {isa = PBXFileReference; lastKnownFileType = sourcecode.swift; path = _00PxDemoTests.swift; sourceTree = "<group>"; };
		9DB8BA0D20B9A63000E954E3 /* Info.plist */ = {isa = PBXFileReference; lastKnownFileType = text.plist.xml; path = Info.plist; sourceTree = "<group>"; };
		9DB8BA1220B9A63000E954E3 /* 500PxDemoUITests.xctest */ = {isa = PBXFileReference; explicitFileType = wrapper.cfbundle; includeInIndex = 0; path = 500PxDemoUITests.xctest; sourceTree = BUILT_PRODUCTS_DIR; };
		9DB8BA1620B9A63000E954E3 /* _00PxDemoUITests.swift */ = {isa = PBXFileReference; lastKnownFileType = sourcecode.swift; path = _00PxDemoUITests.swift; sourceTree = "<group>"; };
		9DB8BA1820B9A63000E954E3 /* Info.plist */ = {isa = PBXFileReference; lastKnownFileType = text.plist.xml; path = Info.plist; sourceTree = "<group>"; };
/* End PBXFileReference section */

/* Begin PBXFrameworksBuildPhase section */
		9DB8B9F020B9A62D00E954E3 /* Frameworks */ = {
			isa = PBXFrameworksBuildPhase;
			buildActionMask = 2147483647;
			files = (
			);
			runOnlyForDeploymentPostprocessing = 0;
		};
		9DB8BA0420B9A63000E954E3 /* Frameworks */ = {
			isa = PBXFrameworksBuildPhase;
			buildActionMask = 2147483647;
			files = (
			);
			runOnlyForDeploymentPostprocessing = 0;
		};
		9DB8BA0F20B9A63000E954E3 /* Frameworks */ = {
			isa = PBXFrameworksBuildPhase;
			buildActionMask = 2147483647;
			files = (
			);
			runOnlyForDeploymentPostprocessing = 0;
		};
/* End PBXFrameworksBuildPhase section */

/* Begin PBXGroup section */
		9DB8B9EA20B9A62D00E954E3 = {
			isa = PBXGroup;
			children = (
				9DB8B9F520B9A62D00E954E3 /* 500PxDemo */,
				9DB8BA0A20B9A63000E954E3 /* 500PxDemoTests */,
				9DB8BA1520B9A63000E954E3 /* 500PxDemoUITests */,
				9DB8B9F420B9A62D00E954E3 /* Products */,
			);
			sourceTree = "<group>";
		};
		9DB8B9F420B9A62D00E954E3 /* Products */ = {
			isa = PBXGroup;
			children = (
				9DB8B9F320B9A62D00E954E3 /* 500PxDemo.app */,
				9DB8BA0720B9A63000E954E3 /* 500PxDemoTests.xctest */,
				9DB8BA1220B9A63000E954E3 /* 500PxDemoUITests.xctest */,
			);
			name = Products;
			sourceTree = "<group>";
		};
		9DB8B9F520B9A62D00E954E3 /* 500PxDemo */ = {
			isa = PBXGroup;
			children = (
				9DB8B9F620B9A62D00E954E3 /* AppDelegate.swift */,
				9DB8B9F820B9A62D00E954E3 /* ViewController.swift */,
				9DB8B9FA20B9A62D00E954E3 /* Main.storyboard */,
				9DB8B9FD20B9A62F00E954E3 /* Assets.xcassets */,
				9DB8B9FF20B9A62F00E954E3 /* LaunchScreen.storyboard */,
				9DB8BA0220B9A62F00E954E3 /* Info.plist */,
			);
			path = 500PxDemo;
			sourceTree = "<group>";
		};
		9DB8BA0A20B9A63000E954E3 /* 500PxDemoTests */ = {
			isa = PBXGroup;
			children = (
				9DB8BA0B20B9A63000E954E3 /* _00PxDemoTests.swift */,
				9DB8BA0D20B9A63000E954E3 /* Info.plist */,
			);
			path = 500PxDemoTests;
			sourceTree = "<group>";
		};
		9DB8BA1520B9A63000E954E3 /* 500PxDemoUITests */ = {
			isa = PBXGroup;
			children = (
				9DB8BA1620B9A63000E954E3 /* _00PxDemoUITests.swift */,
				9DB8BA1820B9A63000E954E3 /* Info.plist */,
			);
			path = 500PxDemoUITests;
			sourceTree = "<group>";
		};
/* End PBXGroup section */

/* Begin PBXNativeTarget section */
		9DB8B9F220B9A62D00E954E3 /* 500PxDemo */ = {
			isa = PBXNativeTarget;
			buildConfigurationList = 9DB8BA1B20B9A63000E954E3 /* Build configuration list for PBXNativeTarget "500PxDemo" */;
			buildPhases = (
				9DB8B9EF20B9A62D00E954E3 /* Sources */,
				9DB8B9F020B9A62D00E954E3 /* Frameworks */,
				9DB8B9F120B9A62D00E954E3 /* Resources */,
			);
			buildRules = (
			);
			dependencies = (
			);
			name = 500PxDemo;
			productName = 500PxDemo;
			productReference = 9DB8B9F320B9A62D00E954E3 /* 500PxDemo.app */;
			productType = "com.apple.product-type.application";
		};
		9DB8BA0620B9A63000E954E3 /* 500PxDemoTests */ = {
			isa = PBXNativeTarget;
			buildConfigurationList = 9DB8BA1E20B9A63000E954E3 /* Build configuration list for PBXNativeTarget "500PxDemoTests" */;
			buildPhases = (
				9DB8BA0320B9A63000E954E3 /* Sources */,
				9DB8BA0420B9A63000E954E3 /* Frameworks */,
				9DB8BA0520B9A63000E954E3 /* Resources */,
			);
			buildRules = (
			);
			dependencies = (
				9DB8BA0920B9A63000E954E3 /* PBXTargetDependency */,
			);
			name = 500PxDemoTests;
			productName = 500PxDemoTests;
			productReference = 9DB8BA0720B9A63000E954E3 /* 500PxDemoTests.xctest */;
			productType = "com.apple.product-type.bundle.unit-test";
		};
		9DB8BA1120B9A63000E954E3 /* 500PxDemoUITests */ = {
			isa = PBXNativeTarget;
			buildConfigurationList = 9DB8BA2120B9A63000E954E3 /* Build configuration list for PBXNativeTarget "500PxDemoUITests" */;
			buildPhases = (
				9DB8BA0E20B9A63000E954E3 /* Sources */,
				9DB8BA0F20B9A63000E954E3 /* Frameworks */,
				9DB8BA1020B9A63000E954E3 /* Resources */,
			);
			buildRules = (
			);
			dependencies = (
				9DB8BA1420B9A63000E954E3 /* PBXTargetDependency */,
			);
			name = 500PxDemoUITests;
			productName = 500PxDemoUITests;
			productReference = 9DB8BA1220B9A63000E954E3 /* 500PxDemoUITests.xctest */;
			productType = "com.apple.product-type.bundle.ui-testing";
		};
/* End PBXNativeTarget section */

/* Begin PBXProject section */
		9DB8B9EB20B9A62D00E954E3 /* Project object */ = {
			isa = PBXProject;
			attributes = {
				LastSwiftUpdateCheck = 0930;
				LastUpgradeCheck = 0930;
				ORGANIZATIONNAME = MECHIN;
				TargetAttributes = {
					9DB8B9F220B9A62D00E954E3 = {
						CreatedOnToolsVersion = 9.3;
					};
					9DB8BA0620B9A63000E954E3 = {
						CreatedOnToolsVersion = 9.3;
						TestTargetID = 9DB8B9F220B9A62D00E954E3;
					};
					9DB8BA1120B9A63000E954E3 = {
						CreatedOnToolsVersion = 9.3;
						TestTargetID = 9DB8B9F220B9A62D00E954E3;
					};
				};
			};
			buildConfigurationList = 9DB8B9EE20B9A62D00E954E3 /* Build configuration list for PBXProject "500PxDemo" */;
			compatibilityVersion = "Xcode 9.3";
			developmentRegion = en;
			hasScannedForEncodings = 0;
			knownRegions = (
				en,
				Base,
			);
			mainGroup = 9DB8B9EA20B9A62D00E954E3;
			productRefGroup = 9DB8B9F420B9A62D00E954E3 /* Products */;
			projectDirPath = "";
			projectRoot = "";
			targets = (
				9DB8B9F220B9A62D00E954E3 /* 500PxDemo */,
				9DB8BA0620B9A63000E954E3 /* 500PxDemoTests */,
				9DB8BA1120B9A63000E954E3 /* 500PxDemoUITests */,
			);
		};
/* End PBXProject section */

/* Begin PBXResourcesBuildPhase section */
		9DB8B9F120B9A62D00E954E3 /* Resources */ = {
			isa = PBXResourcesBuildPhase;
			buildActionMask = 2147483647;
			files = (
				9DB8BA0120B9A62F00E954E3 /* LaunchScreen.storyboard in Resources */,
				9DB8B9FE20B9A62F00E954E3 /* Assets.xcassets in Resources */,
				9DB8B9FC20B9A62D00E954E3 /* Main.storyboard in Resources */,
			);
			runOnlyForDeploymentPostprocessing = 0;
		};
		9DB8BA0520B9A63000E954E3 /* Resources */ = {
			isa = PBXResourcesBuildPhase;
			buildActionMask = 2147483647;
			files = (
			);
			runOnlyForDeploymentPostprocessing = 0;
		};
		9DB8BA1020B9A63000E954E3 /* Resources */ = {
			isa = PBXResourcesBuildPhase;
			buildActionMask = 2147483647;
			files = (
			);
			runOnlyForDeploymentPostprocessing = 0;
		};
/* End PBXResourcesBuildPhase section */

/* Begin PBXSourcesBuildPhase section */
		9DB8B9EF20B9A62D00E954E3 /* Sources */ = {
			isa = PBXSourcesBuildPhase;
			buildActionMask = 2147483647;
			files = (
				9DB8B9F920B9A62D00E954E3 /* ViewController.swift in Sources */,
				9DB8B9F720B9A62D00E954E3 /* AppDelegate.swift in Sources */,
			);
			runOnlyForDeploymentPostprocessing = 0;
		};
		9DB8BA0320B9A63000E954E3 /* Sources */ = {
			isa = PBXSourcesBuildPhase;
			buildActionMask = 2147483647;
			files = (
				9DB8BA0C20B9A63000E954E3 /* _00PxDemoTests.swift in Sources */,
			);
			runOnlyForDeploymentPostprocessing = 0;
		};
		9DB8BA0E20B9A63000E954E3 /* Sources */ = {
			isa = PBXSourcesBuildPhase;
			buildActionMask = 2147483647;
			files = (
				9DB8BA1720B9A63000E954E3 /* _00PxDemoUITests.swift in Sources */,
			);
			runOnlyForDeploymentPostprocessing = 0;
		};
/* End PBXSourcesBuildPhase section */

/* Begin PBXTargetDependency section */
		9DB8BA0920B9A63000E954E3 /* PBXTargetDependency */ = {
			isa = PBXTargetDependency;
			target = 9DB8B9F220B9A62D00E954E3 /* 500PxDemo */;
			targetProxy = 9DB8BA0820B9A63000E954E3 /* PBXContainerItemProxy */;
		};
		9DB8BA1420B9A63000E954E3 /* PBXTargetDependency */ = {
			isa = PBXTargetDependency;
			target = 9DB8B9F220B9A62D00E954E3 /* 500PxDemo */;
			targetProxy = 9DB8BA1320B9A63000E954E3 /* PBXContainerItemProxy */;
		};
/* End PBXTargetDependency section */

/* Begin PBXVariantGroup section */
		9DB8B9FA20B9A62D00E954E3 /* Main.storyboard */ = {
			isa = PBXVariantGroup;
			children = (
				9DB8B9FB20B9A62D00E954E3 /* Base */,
			);
			name = Main.storyboard;
			sourceTree = "<group>";
		};
		9DB8B9FF20B9A62F00E954E3 /* LaunchScreen.storyboard */ = {
			isa = PBXVariantGroup;
			children = (
				9DB8BA0020B9A62F00E954E3 /* Base */,
			);
			name = LaunchScreen.storyboard;
			sourceTree = "<group>";
		};
/* End PBXVariantGroup section */

/* Begin XCBuildConfiguration section */
		9DB8BA1920B9A63000E954E3 /* Debug */ = {
			isa = XCBuildConfiguration;
			buildSettings = {
				ALWAYS_SEARCH_USER_PATHS = NO;
				CLANG_ANALYZER_NONNULL = YES;
				CLANG_ANALYZER_NUMBER_OBJECT_CONVERSION = YES_AGGRESSIVE;
				CLANG_CXX_LANGUAGE_STANDARD = "gnu++14";
				CLANG_CXX_LIBRARY = "libc++";
				CLANG_ENABLE_MODULES = YES;
				CLANG_ENABLE_OBJC_ARC = YES;
				CLANG_ENABLE_OBJC_WEAK = YES;
				CLANG_WARN_BLOCK_CAPTURE_AUTORELEASING = YES;
				CLANG_WARN_BOOL_CONVERSION = YES;
				CLANG_WARN_COMMA = YES;
				CLANG_WARN_CONSTANT_CONVERSION = YES;
				CLANG_WARN_DEPRECATED_OBJC_IMPLEMENTATIONS = YES;
				CLANG_WARN_DIRECT_OBJC_ISA_USAGE = YES_ERROR;
				CLANG_WARN_DOCUMENTATION_COMMENTS = YES;
				CLANG_WARN_EMPTY_BODY = YES;
				CLANG_WARN_ENUM_CONVERSION = YES;
				CLANG_WARN_INFINITE_RECURSION = YES;
				CLANG_WARN_INT_CONVERSION = YES;
				CLANG_WARN_NON_LITERAL_NULL_CONVERSION = YES;
				CLANG_WARN_OBJC_IMPLICIT_RETAIN_SELF = YES;
				CLANG_WARN_OBJC_LITERAL_CONVERSION = YES;
				CLANG_WARN_OBJC_ROOT_CLASS = YES_ERROR;
				CLANG_WARN_RANGE_LOOP_ANALYSIS = YES;
				CLANG_WARN_STRICT_PROTOTYPES = YES;
				CLANG_WARN_SUSPICIOUS_MOVE = YES;
				CLANG_WARN_UNGUARDED_AVAILABILITY = YES_AGGRESSIVE;
				CLANG_WARN_UNREACHABLE_CODE = YES;
				CLANG_WARN__DUPLICATE_METHOD_MATCH = YES;
				CODE_SIGN_IDENTITY = "iPhone Developer";
				COPY_PHASE_STRIP = NO;
				DEBUG_INFORMATION_FORMAT = dwarf;
				ENABLE_STRICT_OBJC_MSGSEND = YES;
				ENABLE_TESTABILITY = YES;
				GCC_C_LANGUAGE_STANDARD = gnu11;
				GCC_DYNAMIC_NO_PIC = NO;
				GCC_NO_COMMON_BLOCKS = YES;
				GCC_OPTIMIZATION_LEVEL = 0;
				GCC_PREPROCESSOR_DEFINITIONS = (
					"DEBUG=1",
					"$(inherited)",
				);
				GCC_WARN_64_TO_32_BIT_CONVERSION = YES;
				GCC_WARN_ABOUT_RETURN_TYPE = YES_ERROR;
				GCC_WARN_UNDECLARED_SELECTOR = YES;
				GCC_WARN_UNINITIALIZED_AUTOS = YES_AGGRESSIVE;
				GCC_WARN_UNUSED_FUNCTION = YES;
				GCC_WARN_UNUSED_VARIABLE = YES;
				IPHONEOS_DEPLOYMENT_TARGET = 11.3;
				MTL_ENABLE_DEBUG_INFO = YES;
				ONLY_ACTIVE_ARCH = YES;
				SDKROOT = iphoneos;
				SWIFT_ACTIVE_COMPILATION_CONDITIONS = DEBUG;
				SWIFT_OPTIMIZATION_LEVEL = "-Onone";
			};
			name = Debug;
		};
		9DB8BA1A20B9A63000E954E3 /* Release */ = {
			isa = XCBuildConfiguration;
			buildSettings = {
				ALWAYS_SEARCH_USER_PATHS = NO;
				CLANG_ANALYZER_NONNULL = YES;
				CLANG_ANALYZER_NUMBER_OBJECT_CONVERSION = YES_AGGRESSIVE;
				CLANG_CXX_LANGUAGE_STANDARD = "gnu++14";
				CLANG_CXX_LIBRARY = "libc++";
				CLANG_ENABLE_MODULES = YES;
				CLANG_ENABLE_OBJC_ARC = YES;
				CLANG_ENABLE_OBJC_WEAK = YES;
				CLANG_WARN_BLOCK_CAPTURE_AUTORELEASING = YES;
				CLANG_WARN_BOOL_CONVERSION = YES;
				CLANG_WARN_COMMA = YES;
				CLANG_WARN_CONSTANT_CONVERSION = YES;
				CLANG_WARN_DEPRECATED_OBJC_IMPLEMENTATIONS = YES;
				CLANG_WARN_DIRECT_OBJC_ISA_USAGE = YES_ERROR;
				CLANG_WARN_DOCUMENTATION_COMMENTS = YES;
				CLANG_WARN_EMPTY_BODY = YES;
				CLANG_WARN_ENUM_CONVERSION = YES;
				CLANG_WARN_INFINITE_RECURSION = YES;
				CLANG_WARN_INT_CONVERSION = YES;
				CLANG_WARN_NON_LITERAL_NULL_CONVERSION = YES;
				CLANG_WARN_OBJC_IMPLICIT_RETAIN_SELF = YES;
				CLANG_WARN_OBJC_LITERAL_CONVERSION = YES;
				CLANG_WARN_OBJC_ROOT_CLASS = YES_ERROR;
				CLANG_WARN_RANGE_LOOP_ANALYSIS = YES;
				CLANG_WARN_STRICT_PROTOTYPES = YES;
				CLANG_WARN_SUSPICIOUS_MOVE = YES;
				CLANG_WARN_UNGUARDED_AVAILABILITY = YES_AGGRESSIVE;
				CLANG_WARN_UNREACHABLE_CODE = YES;
				CLANG_WARN__DUPLICATE_METHOD_MATCH = YES;
				CODE_SIGN_IDENTITY = "iPhone Developer";
				COPY_PHASE_STRIP = NO;
				DEBUG_INFORMATION_FORMAT = "dwarf-with-dsym";
				ENABLE_NS_ASSERTIONS = NO;
				ENABLE_STRICT_OBJC_MSGSEND = YES;
				GCC_C_LANGUAGE_STANDARD = gnu11;
				GCC_NO_COMMON_BLOCKS = YES;
				GCC_WARN_64_TO_32_BIT_CONVERSION = YES;
				GCC_WARN_ABOUT_RETURN_TYPE = YES_ERROR;
				GCC_WARN_UNDECLARED_SELECTOR = YES;
				GCC_WARN_UNINITIALIZED_AUTOS = YES_AGGRESSIVE;
				GCC_WARN_UNUSED_FUNCTION = YES;
				GCC_WARN_UNUSED_VARIABLE = YES;
				IPHONEOS_DEPLOYMENT_TARGET = 11.3;
				MTL_ENABLE_DEBUG_INFO = NO;
				SDKROOT = iphoneos;
				SWIFT_COMPILATION_MODE = wholemodule;
				SWIFT_OPTIMIZATION_LEVEL = "-O";
				VALIDATE_PRODUCT = YES;
			};
			name = Release;
		};
		9DB8BA1C20B9A63000E954E3 /* Debug */ = {
			isa = XCBuildConfiguration;
			buildSettings = {
				ASSETCATALOG_COMPILER_APPICON_NAME = AppIcon;
				CODE_SIGN_STYLE = Automatic;
				DEVELOPMENT_TEAM = "";
				INFOPLIST_FILE = 500PxDemo/Info.plist;
				LD_RUNPATH_SEARCH_PATHS = (
					"$(inherited)",
					"@executable_path/Frameworks",
				);
				PRODUCT_BUNDLE_IDENTIFIER = "com.github.mechinmaru.-00PxDemo";
				PRODUCT_NAME = "$(TARGET_NAME)";
				SWIFT_VERSION = 4.0;
				TARGETED_DEVICE_FAMILY = "1,2";
			};
			name = Debug;
		};
		9DB8BA1D20B9A63000E954E3 /* Release */ = {
			isa = XCBuildConfiguration;
			buildSettings = {
				ASSETCATALOG_COMPILER_APPICON_NAME = AppIcon;
				CODE_SIGN_STYLE = Automatic;
				DEVELOPMENT_TEAM = "";
				INFOPLIST_FILE = 500PxDemo/Info.plist;
				LD_RUNPATH_SEARCH_PATHS = (
					"$(inherited)",
					"@executable_path/Frameworks",
				);
				PRODUCT_BUNDLE_IDENTIFIER = "com.github.mechinmaru.-00PxDemo";
				PRODUCT_NAME = "$(TARGET_NAME)";
				SWIFT_VERSION = 4.0;
				TARGETED_DEVICE_FAMILY = "1,2";
			};
			name = Release;
		};
		9DB8BA1F20B9A63000E954E3 /* Debug */ = {
			isa = XCBuildConfiguration;
			buildSettings = {
				ALWAYS_EMBED_SWIFT_STANDARD_LIBRARIES = YES;
				BUNDLE_LOADER = "$(TEST_HOST)";
				CODE_SIGN_STYLE = Automatic;
				INFOPLIST_FILE = 500PxDemoTests/Info.plist;
				LD_RUNPATH_SEARCH_PATHS = (
					"$(inherited)",
					"@executable_path/Frameworks",
					"@loader_path/Frameworks",
				);
				PRODUCT_BUNDLE_IDENTIFIER = "com.github.mechinmaru.-00PxDemoTests";
				PRODUCT_NAME = "$(TARGET_NAME)";
				SWIFT_VERSION = 4.0;
				TARGETED_DEVICE_FAMILY = "1,2";
				TEST_HOST = "$(BUILT_PRODUCTS_DIR)/500PxDemo.app/500PxDemo";
			};
			name = Debug;
		};
		9DB8BA2020B9A63000E954E3 /* Release */ = {
			isa = XCBuildConfiguration;
			buildSettings = {
				ALWAYS_EMBED_SWIFT_STANDARD_LIBRARIES = YES;
				BUNDLE_LOADER = "$(TEST_HOST)";
				CODE_SIGN_STYLE = Automatic;
				INFOPLIST_FILE = 500PxDemoTests/Info.plist;
				LD_RUNPATH_SEARCH_PATHS = (
					"$(inherited)",
					"@executable_path/Frameworks",
					"@loader_path/Frameworks",
				);
				PRODUCT_BUNDLE_IDENTIFIER = "com.github.mechinmaru.-00PxDemoTests";
				PRODUCT_NAME = "$(TARGET_NAME)";
				SWIFT_VERSION = 4.0;
				TARGETED_DEVICE_FAMILY = "1,2";
				TEST_HOST = "$(BUILT_PRODUCTS_DIR)/500PxDemo.app/500PxDemo";
			};
			name = Release;
		};
		9DB8BA2220B9A63000E954E3 /* Debug */ = {
			isa = XCBuildConfiguration;
			buildSettings = {
				ALWAYS_EMBED_SWIFT_STANDARD_LIBRARIES = YES;
				CODE_SIGN_STYLE = Automatic;
				INFOPLIST_FILE = 500PxDemoUITests/Info.plist;
				LD_RUNPATH_SEARCH_PATHS = (
					"$(inherited)",
					"@executable_path/Frameworks",
					"@loader_path/Frameworks",
				);
				PRODUCT_BUNDLE_IDENTIFIER = "com.github.mechinmaru.-00PxDemoUITests";
				PRODUCT_NAME = "$(TARGET_NAME)";
				SWIFT_VERSION = 4.0;
				TARGETED_DEVICE_FAMILY = "1,2";
				TEST_TARGET_NAME = 500PxDemo;
			};
			name = Debug;
		};
		9DB8BA2320B9A63000E954E3 /* Release */ = {
			isa = XCBuildConfiguration;
			buildSettings = {
				ALWAYS_EMBED_SWIFT_STANDARD_LIBRARIES = YES;
				CODE_SIGN_STYLE = Automatic;
				INFOPLIST_FILE = 500PxDemoUITests/Info.plist;
				LD_RUNPATH_SEARCH_PATHS = (
					"$(inherited)",
					"@executable_path/Frameworks",
					"@loader_path/Frameworks",
				);
				PRODUCT_BUNDLE_IDENTIFIER = "com.github.mechinmaru.-00PxDemoUITests";
				PRODUCT_NAME = "$(TARGET_NAME)";
				SWIFT_VERSION = 4.0;
				TARGETED_DEVICE_FAMILY = "1,2";
				TEST_TARGET_NAME = 500PxDemo;
			};
			name = Release;
		};
/* End XCBuildConfiguration section */

/* Begin XCConfigurationList section */
		9DB8B9EE20B9A62D00E954E3 /* Build configuration list for PBXProject "500PxDemo" */ = {
			isa = XCConfigurationList;
			buildConfigurations = (
				9DB8BA1920B9A63000E954E3 /* Debug */,
				9DB8BA1A20B9A63000E954E3 /* Release */,
			);
			defaultConfigurationIsVisible = 0;
			defaultConfigurationName = Release;
		};
		9DB8BA1B20B9A63000E954E3 /* Build configuration list for PBXNativeTarget "500PxDemo" */ = {
			isa = XCConfigurationList;
			buildConfigurations = (
				9DB8BA1C20B9A63000E954E3 /* Debug */,
				9DB8BA1D20B9A63000E954E3 /* Release */,
			);
			defaultConfigurationIsVisible = 0;
			defaultConfigurationName = Release;
		};
		9DB8BA1E20B9A63000E954E3 /* Build configuration list for PBXNativeTarget "500PxDemoTests" */ = {
			isa = XCConfigurationList;
			buildConfigurations = (
				9DB8BA1F20B9A63000E954E3 /* Debug */,
				9DB8BA2020B9A63000E954E3 /* Release */,
			);
			defaultConfigurationIsVisible = 0;
			defaultConfigurationName = Release;
		};
		9DB8BA2120B9A63000E954E3 /* Build configuration list for PBXNativeTarget "500PxDemoUITests" */ = {
			isa = XCConfigurationList;
			buildConfigurations = (
				9DB8BA2220B9A63000E954E3 /* Debug */,
				9DB8BA2320B9A63000E954E3 /* Release */,
			);
			defaultConfigurationIsVisible = 0;
			defaultConfigurationName = Release;
		};
/* End XCConfigurationList section */
	};
	rootObject = 9DB8B9EB20B9A62D00E954E3 /* Project object */;
}
